// !$*UTF8*$!
{
	archiveVersion = 1;
	classes = {
	};
	objectVersion = 48;
	objects = {

/* Begin PBXBuildFile section */
		50463CE6206CCAF500D73B2D /* main.cpp in Sources */ = {isa = PBXBuildFile; fileRef = 50463CE5206CCAF500D73B2D /* main.cpp */; };
		50463CEE206D264000D73B2D /* CMaxProfit.cpp in Sources */ = {isa = PBXBuildFile; fileRef = 50463CEC206D264000D73B2D /* CMaxProfit.cpp */; };
		50463D2B206E1E6300D73B2D /* CSolution.cpp in Sources */ = {isa = PBXBuildFile; fileRef = 50463D29206E1E6300D73B2D /* CSolution.cpp */; };
		50463D2E206E231100D73B2D /* CRotateArr.cpp in Sources */ = {isa = PBXBuildFile; fileRef = 50463D2C206E231100D73B2D /* CRotateArr.cpp */; };
		50463D31206E3B4E00D73B2D /* CDeleteNode.cpp in Sources */ = {isa = PBXBuildFile; fileRef = 50463D2F206E3B4E00D73B2D /* CDeleteNode.cpp */; };
		507D36F02071BDD600B55A39 /* BinaryTreeSolution.cpp in Sources */ = {isa = PBXBuildFile; fileRef = 507D36EE2071BDD600B55A39 /* BinaryTreeSolution.cpp */; };
		507D36F32071C98500B55A39 /* SingleLinkListSolution.cpp in Sources */ = {isa = PBXBuildFile; fileRef = 507D36F12071C98500B55A39 /* SingleLinkListSolution.cpp */; };
		50DB710320730C9200304098 /* CStringSolution.cpp in Sources */ = {isa = PBXBuildFile; fileRef = 50DB710120730C9200304098 /* CStringSolution.cpp */; };
/* End PBXBuildFile section */

/* Begin PBXCopyFilesBuildPhase section */
		50463CE0206CCAF500D73B2D /* CopyFiles */ = {
			isa = PBXCopyFilesBuildPhase;
			buildActionMask = 2147483647;
			dstPath = /usr/share/man/man1/;
			dstSubfolderSpec = 0;
			files = (
			);
			runOnlyForDeploymentPostprocessing = 1;
		};
/* End PBXCopyFilesBuildPhase section */

/* Begin PBXFileReference section */
		50463CE2206CCAF500D73B2D /* LeetCodeProject */ = {isa = PBXFileReference; explicitFileType = "compiled.mach-o.executable"; includeInIndex = 0; path = LeetCodeProject; sourceTree = BUILT_PRODUCTS_DIR; };
		50463CE5206CCAF500D73B2D /* main.cpp */ = {isa = PBXFileReference; lastKnownFileType = sourcecode.cpp.cpp; path = main.cpp; sourceTree = "<group>"; };
		50463CEC206D264000D73B2D /* CMaxProfit.cpp */ = {isa = PBXFileReference; lastKnownFileType = sourcecode.cpp.cpp; path = CMaxProfit.cpp; sourceTree = "<group>"; };
		50463CED206D264000D73B2D /* CMaxProfit.hpp */ = {isa = PBXFileReference; lastKnownFileType = sourcecode.cpp.h; path = CMaxProfit.hpp; sourceTree = "<group>"; };
		50463D29206E1E6300D73B2D /* CSolution.cpp */ = {isa = PBXFileReference; lastKnownFileType = sourcecode.cpp.cpp; path = CSolution.cpp; sourceTree = "<group>"; };
		50463D2A206E1E6300D73B2D /* CSolution.hpp */ = {isa = PBXFileReference; lastKnownFileType = sourcecode.cpp.h; path = CSolution.hpp; sourceTree = "<group>"; };
		50463D2C206E231100D73B2D /* CRotateArr.cpp */ = {isa = PBXFileReference; lastKnownFileType = sourcecode.cpp.cpp; path = CRotateArr.cpp; sourceTree = "<group>"; };
		50463D2D206E231100D73B2D /* CRotateArr.hpp */ = {isa = PBXFileReference; lastKnownFileType = sourcecode.cpp.h; path = CRotateArr.hpp; sourceTree = "<group>"; };
		50463D2F206E3B4E00D73B2D /* CDeleteNode.cpp */ = {isa = PBXFileReference; lastKnownFileType = sourcecode.cpp.cpp; path = CDeleteNode.cpp; sourceTree = "<group>"; };
		50463D30206E3B4E00D73B2D /* CDeleteNode.hpp */ = {isa = PBXFileReference; lastKnownFileType = sourcecode.cpp.h; path = CDeleteNode.hpp; sourceTree = "<group>"; };
		507D36EE2071BDD600B55A39 /* BinaryTreeSolution.cpp */ = {isa = PBXFileReference; lastKnownFileType = sourcecode.cpp.cpp; path = BinaryTreeSolution.cpp; sourceTree = "<group>"; };
		507D36EF2071BDD600B55A39 /* BinaryTreeSolution.hpp */ = {isa = PBXFileReference; lastKnownFileType = sourcecode.cpp.h; path = BinaryTreeSolution.hpp; sourceTree = "<group>"; };
		507D36F12071C98500B55A39 /* SingleLinkListSolution.cpp */ = {isa = PBXFileReference; lastKnownFileType = sourcecode.cpp.cpp; path = SingleLinkListSolution.cpp; sourceTree = "<group>"; };
		507D36F22071C98500B55A39 /* SingleLinkListSolution.hpp */ = {isa = PBXFileReference; lastKnownFileType = sourcecode.cpp.h; path = SingleLinkListSolution.hpp; sourceTree = "<group>"; };
		507D36F52071CDE700B55A39 /* CStruct.hpp */ = {isa = PBXFileReference; lastKnownFileType = sourcecode.cpp.h; path = CStruct.hpp; sourceTree = "<group>"; };
		50DB710120730C9200304098 /* CStringSolution.cpp */ = {isa = PBXFileReference; lastKnownFileType = sourcecode.cpp.cpp; path = CStringSolution.cpp; sourceTree = "<group>"; };
		50DB710220730C9200304098 /* CStringSolution.hpp */ = {isa = PBXFileReference; lastKnownFileType = sourcecode.cpp.h; path = CStringSolution.hpp; sourceTree = "<group>"; };
/* End PBXFileReference section */

/* Begin PBXFrameworksBuildPhase section */
		50463CDF206CCAF500D73B2D /* Frameworks */ = {
			isa = PBXFrameworksBuildPhase;
			buildActionMask = 2147483647;
			files = (
			);
			runOnlyForDeploymentPostprocessing = 0;
		};
/* End PBXFrameworksBuildPhase section */

/* Begin PBXGroup section */
		50463CD9206CCAF500D73B2D = {
			isa = PBXGroup;
			children = (
				50463CE4206CCAF500D73B2D /* LeetCodeProject */,
				50463CE3206CCAF500D73B2D /* Products */,
			);
			sourceTree = "<group>";
		};
		50463CE3206CCAF500D73B2D /* Products */ = {
			isa = PBXGroup;
			children = (
				50463CE2206CCAF500D73B2D /* LeetCodeProject */,
			);
			name = Products;
			sourceTree = "<group>";
		};
		50463CE4206CCAF500D73B2D /* LeetCodeProject */ = {
			isa = PBXGroup;
			children = (
				50463CE5206CCAF500D73B2D /* main.cpp */,
				50463CEC206D264000D73B2D /* CMaxProfit.cpp */,
				50463CED206D264000D73B2D /* CMaxProfit.hpp */,
				50463D29206E1E6300D73B2D /* CSolution.cpp */,
				50463D2A206E1E6300D73B2D /* CSolution.hpp */,
				50463D2C206E231100D73B2D /* CRotateArr.cpp */,
				50463D2D206E231100D73B2D /* CRotateArr.hpp */,
				50463D2F206E3B4E00D73B2D /* CDeleteNode.cpp */,
				50463D30206E3B4E00D73B2D /* CDeleteNode.hpp */,
				507D36EE2071BDD600B55A39 /* BinaryTreeSolution.cpp */,
				507D36EF2071BDD600B55A39 /* BinaryTreeSolution.hpp */,
				507D36F12071C98500B55A39 /* SingleLinkListSolution.cpp */,
				507D36F22071C98500B55A39 /* SingleLinkListSolution.hpp */,
				507D36F52071CDE700B55A39 /* CStruct.hpp */,
				50DB710120730C9200304098 /* CStringSolution.cpp */,
				50DB710220730C9200304098 /* CStringSolution.hpp */,
			);
			path = LeetCodeProject;
			sourceTree = "<group>";
		};
/* End PBXGroup section */

/* Begin PBXNativeTarget section */
		50463CE1206CCAF500D73B2D /* LeetCodeProject */ = {
			isa = PBXNativeTarget;
			buildConfigurationList = 50463CE9206CCAF500D73B2D /* Build configuration list for PBXNativeTarget "LeetCodeProject" */;
			buildPhases = (
				50463CDE206CCAF500D73B2D /* Sources */,
				50463CDF206CCAF500D73B2D /* Frameworks */,
				50463CE0206CCAF500D73B2D /* CopyFiles */,
			);
			buildRules = (
			);
			dependencies = (
			);
			name = LeetCodeProject;
			productName = LeetCodeProject;
			productReference = 50463CE2206CCAF500D73B2D /* LeetCodeProject */;
			productType = "com.apple.product-type.tool";
		};
/* End PBXNativeTarget section */

/* Begin PBXProject section */
		50463CDA206CCAF500D73B2D /* Project object */ = {
			isa = PBXProject;
			attributes = {
				LastUpgradeCheck = 0930;
				ORGANIZATIONNAME = JiangZhongjin;
				TargetAttributes = {
					50463CE1206CCAF500D73B2D = {
						CreatedOnToolsVersion = 9.2;
						ProvisioningStyle = Automatic;
					};
				};
			};
			buildConfigurationList = 50463CDD206CCAF500D73B2D /* Build configuration list for PBXProject "LeetCodeProject" */;
			compatibilityVersion = "Xcode 8.0";
			developmentRegion = en;
			hasScannedForEncodings = 0;
			knownRegions = (
				en,
			);
			mainGroup = 50463CD9206CCAF500D73B2D;
			productRefGroup = 50463CE3206CCAF500D73B2D /* Products */;
			projectDirPath = "";
			projectRoot = "";
			targets = (
				50463CE1206CCAF500D73B2D /* LeetCodeProject */,
			);
		};
/* End PBXProject section */

/* Begin PBXSourcesBuildPhase section */
		50463CDE206CCAF500D73B2D /* Sources */ = {
			isa = PBXSourcesBuildPhase;
			buildActionMask = 2147483647;
			files = (
				50463D31206E3B4E00D73B2D /* CDeleteNode.cpp in Sources */,
				50463D2B206E1E6300D73B2D /* CSolution.cpp in Sources */,
				50463CEE206D264000D73B2D /* CMaxProfit.cpp in Sources */,
				50DB710320730C9200304098 /* CStringSolution.cpp in Sources */,
				507D36F02071BDD600B55A39 /* BinaryTreeSolution.cpp in Sources */,
				50463D2E206E231100D73B2D /* CRotateArr.cpp in Sources */,
				507D36F32071C98500B55A39 /* SingleLinkListSolution.cpp in Sources */,
				50463CE6206CCAF500D73B2D /* main.cpp in Sources */,
			);
			runOnlyForDeploymentPostprocessing = 0;
		};
/* End PBXSourcesBuildPhase section */

/* Begin XCBuildConfiguration section */
		50463CE7206CCAF500D73B2D /* Debug */ = {
			isa = XCBuildConfiguration;
			buildSettings = {
				ALWAYS_SEARCH_USER_PATHS = NO;
				CLANG_ANALYZER_NONNULL = YES;
				CLANG_ANALYZER_NUMBER_OBJECT_CONVERSION = YES_AGGRESSIVE;
				CLANG_CXX_LANGUAGE_STANDARD = "gnu++14";
				CLANG_CXX_LIBRARY = "libc++";
				CLANG_ENABLE_MODULES = YES;
				CLANG_ENABLE_OBJC_ARC = YES;
				CLANG_WARN_BLOCK_CAPTURE_AUTORELEASING = YES;
				CLANG_WARN_BOOL_CONVERSION = YES;
				CLANG_WARN_COMMA = YES;
				CLANG_WARN_CONSTANT_CONVERSION = YES;
				CLANG_WARN_DEPRECATED_OBJC_IMPLEMENTATIONS = YES;
				CLANG_WARN_DIRECT_OBJC_ISA_USAGE = YES_ERROR;
				CLANG_WARN_DOCUMENTATION_COMMENTS = YES;
				CLANG_WARN_EMPTY_BODY = YES;
				CLANG_WARN_ENUM_CONVERSION = YES;
				CLANG_WARN_INFINITE_RECURSION = YES;
				CLANG_WARN_INT_CONVERSION = YES;
				CLANG_WARN_NON_LITERAL_NULL_CONVERSION = YES;
				CLANG_WARN_OBJC_IMPLICIT_RETAIN_SELF = YES;
				CLANG_WARN_OBJC_LITERAL_CONVERSION = YES;
				CLANG_WARN_OBJC_ROOT_CLASS = YES_ERROR;
				CLANG_WARN_RANGE_LOOP_ANALYSIS = YES;
				CLANG_WARN_STRICT_PROTOTYPES = YES;
				CLANG_WARN_SUSPICIOUS_MOVE = YES;
				CLANG_WARN_UNGUARDED_AVAILABILITY = YES_AGGRESSIVE;
				CLANG_WARN_UNREACHABLE_CODE = YES;
				CLANG_WARN__DUPLICATE_METHOD_MATCH = YES;
				CODE_SIGN_IDENTITY = "-";
				COPY_PHASE_STRIP = NO;
				DEBUG_INFORMATION_FORMAT = dwarf;
				ENABLE_STRICT_OBJC_MSGSEND = YES;
				ENABLE_TESTABILITY = YES;
				GCC_C_LANGUAGE_STANDARD = gnu11;
				GCC_DYNAMIC_NO_PIC = NO;
				GCC_NO_COMMON_BLOCKS = YES;
				GCC_OPTIMIZATION_LEVEL = 0;
				GCC_PREPROCESSOR_DEFINITIONS = (
					"DEBUG=1",
					"$(inherited)",
				);
				GCC_WARN_64_TO_32_BIT_CONVERSION = YES;
				GCC_WARN_ABOUT_RETURN_TYPE = YES_ERROR;
				GCC_WARN_UNDECLARED_SELECTOR = YES;
				GCC_WARN_UNINITIALIZED_AUTOS = YES_AGGRESSIVE;
				GCC_WARN_UNUSED_FUNCTION = YES;
				GCC_WARN_UNUSED_VARIABLE = YES;
				MACOSX_DEPLOYMENT_TARGET = 10.13;
				MTL_ENABLE_DEBUG_INFO = YES;
				ONLY_ACTIVE_ARCH = YES;
				SDKROOT = macosx;
			};
			name = Debug;
		};
		50463CE8206CCAF500D73B2D /* Release */ = {
			isa = XCBuildConfiguration;
			buildSettings = {
				ALWAYS_SEARCH_USER_PATHS = NO;
				CLANG_ANALYZER_NONNULL = YES;
				CLANG_ANALYZER_NUMBER_OBJECT_CONVERSION = YES_AGGRESSIVE;
				CLANG_CXX_LANGUAGE_STANDARD = "gnu++14";
				CLANG_CXX_LIBRARY = "libc++";
				CLANG_ENABLE_MODULES = YES;
				CLANG_ENABLE_OBJC_ARC = YES;
				CLANG_WARN_BLOCK_CAPTURE_AUTORELEASING = YES;
				CLANG_WARN_BOOL_CONVERSION = YES;
				CLANG_WARN_COMMA = YES;
				CLANG_WARN_CONSTANT_CONVERSION = YES;
				CLANG_WARN_DEPRECATED_OBJC_IMPLEMENTATIONS = YES;
				CLANG_WARN_DIRECT_OBJC_ISA_USAGE = YES_ERROR;
				CLANG_WARN_DOCUMENTATION_COMMENTS = YES;
				CLANG_WARN_EMPTY_BODY = YES;
				CLANG_WARN_ENUM_CONVERSION = YES;
				CLANG_WARN_INFINITE_RECURSION = YES;
				CLANG_WARN_INT_CONVERSION = YES;
				CLANG_WARN_NON_LITERAL_NULL_CONVERSION = YES;
				CLANG_WARN_OBJC_IMPLICIT_RETAIN_SELF = YES;
				CLANG_WARN_OBJC_LITERAL_CONVERSION = YES;
				CLANG_WARN_OBJC_ROOT_CLASS = YES_ERROR;
				CLANG_WARN_RANGE_LOOP_ANALYSIS = YES;
				CLANG_WARN_STRICT_PROTOTYPES = YES;
				CLANG_WARN_SUSPICIOUS_MOVE = YES;
				CLANG_WARN_UNGUARDED_AVAILABILITY = YES_AGGRESSIVE;
				CLANG_WARN_UNREACHABLE_CODE = YES;
				CLANG_WARN__DUPLICATE_METHOD_MATCH = YES;
				CODE_SIGN_IDENTITY = "-";
				COPY_PHASE_STRIP = NO;
				DEBUG_INFORMATION_FORMAT = "dwarf-with-dsym";
				ENABLE_NS_ASSERTIONS = NO;
				ENABLE_STRICT_OBJC_MSGSEND = YES;
				GCC_C_LANGUAGE_STANDARD = gnu11;
				GCC_NO_COMMON_BLOCKS = YES;
				GCC_WARN_64_TO_32_BIT_CONVERSION = YES;
				GCC_WARN_ABOUT_RETURN_TYPE = YES_ERROR;
				GCC_WARN_UNDECLARED_SELECTOR = YES;
				GCC_WARN_UNINITIALIZED_AUTOS = YES_AGGRESSIVE;
				GCC_WARN_UNUSED_FUNCTION = YES;
				GCC_WARN_UNUSED_VARIABLE = YES;
				MACOSX_DEPLOYMENT_TARGET = 10.13;
				MTL_ENABLE_DEBUG_INFO = NO;
				SDKROOT = macosx;
			};
			name = Release;
		};
		50463CEA206CCAF500D73B2D /* Debug */ = {
			isa = XCBuildConfiguration;
			buildSettings = {
				CODE_SIGN_STYLE = Automatic;
				PRODUCT_NAME = "$(TARGET_NAME)";
			};
			name = Debug;
		};
		50463CEB206CCAF500D73B2D /* Release */ = {
			isa = XCBuildConfiguration;
			buildSettings = {
				CODE_SIGN_STYLE = Automatic;
				PRODUCT_NAME = "$(TARGET_NAME)";
			};
			name = Release;
		};
/* End XCBuildConfiguration section */

/* Begin XCConfigurationList section */
		50463CDD206CCAF500D73B2D /* Build configuration list for PBXProject "LeetCodeProject" */ = {
			isa = XCConfigurationList;
			buildConfigurations = (
				50463CE7206CCAF500D73B2D /* Debug */,
				50463CE8206CCAF500D73B2D /* Release */,
			);
			defaultConfigurationIsVisible = 0;
			defaultConfigurationName = Release;
		};
		50463CE9206CCAF500D73B2D /* Build configuration list for PBXNativeTarget "LeetCodeProject" */ = {
			isa = XCConfigurationList;
			buildConfigurations = (
				50463CEA206CCAF500D73B2D /* Debug */,
				50463CEB206CCAF500D73B2D /* Release */,
			);
			defaultConfigurationIsVisible = 0;
			defaultConfigurationName = Release;
		};
/* End XCConfigurationList section */
	};
	rootObject = 50463CDA206CCAF500D73B2D /* Project object */;
}
